// !$*UTF8*$!
{
	archiveVersion = 1;
	classes = {
	};
	objectVersion = 50;
	objects = {

/* Begin PBXBuildFile section */
		711899912491983C00E40684 /* AppDelegate.swift in Sources */ = {isa = PBXBuildFile; fileRef = 711899902491983C00E40684 /* AppDelegate.swift */; };
		711899932491983C00E40684 /* SceneDelegate.swift in Sources */ = {isa = PBXBuildFile; fileRef = 711899922491983C00E40684 /* SceneDelegate.swift */; };
		711899982491983C00E40684 /* Main.storyboard in Resources */ = {isa = PBXBuildFile; fileRef = 711899962491983C00E40684 /* Main.storyboard */; };
		7118999B2491983C00E40684 /* weatherApp.xcdatamodeld in Sources */ = {isa = PBXBuildFile; fileRef = 711899992491983C00E40684 /* weatherApp.xcdatamodeld */; };
		7118999D2491983D00E40684 /* Assets.xcassets in Resources */ = {isa = PBXBuildFile; fileRef = 7118999C2491983D00E40684 /* Assets.xcassets */; };
		711899A02491983D00E40684 /* LaunchScreen.storyboard in Resources */ = {isa = PBXBuildFile; fileRef = 7118999E2491983D00E40684 /* LaunchScreen.storyboard */; };
		711899AB2491A08400E40684 /* ViewController.swift in Sources */ = {isa = PBXBuildFile; fileRef = 711899AA2491A08400E40684 /* ViewController.swift */; };
		711899AD2491A11B00E40684 /* WeatherData.swift in Sources */ = {isa = PBXBuildFile; fileRef = 711899AC2491A11B00E40684 /* WeatherData.swift */; };
		711899AF2491A47F00E40684 /* WeatherManager.swift in Sources */ = {isa = PBXBuildFile; fileRef = 711899AE2491A47F00E40684 /* WeatherManager.swift */; };
		711899B12491A78400E40684 /* WeatherModel.swift in Sources */ = {isa = PBXBuildFile; fileRef = 711899B02491A78400E40684 /* WeatherModel.swift */; };
/* End PBXBuildFile section */

/* Begin PBXFileReference section */
		7118998D2491983C00E40684 /* weatherApp.app */ = {isa = PBXFileReference; explicitFileType = wrapper.application; includeInIndex = 0; path = weatherApp.app; sourceTree = BUILT_PRODUCTS_DIR; };
		711899902491983C00E40684 /* AppDelegate.swift */ = {isa = PBXFileReference; lastKnownFileType = sourcecode.swift; path = AppDelegate.swift; sourceTree = "<group>"; };
		711899922491983C00E40684 /* SceneDelegate.swift */ = {isa = PBXFileReference; lastKnownFileType = sourcecode.swift; path = SceneDelegate.swift; sourceTree = "<group>"; };
		711899972491983C00E40684 /* Base */ = {isa = PBXFileReference; lastKnownFileType = file.storyboard; name = Base; path = Base.lproj/Main.storyboard; sourceTree = "<group>"; };
		7118999A2491983C00E40684 /* weatherApp.xcdatamodel */ = {isa = PBXFileReference; lastKnownFileType = wrapper.xcdatamodel; path = weatherApp.xcdatamodel; sourceTree = "<group>"; };
		7118999C2491983D00E40684 /* Assets.xcassets */ = {isa = PBXFileReference; lastKnownFileType = folder.assetcatalog; path = Assets.xcassets; sourceTree = "<group>"; };
		7118999F2491983D00E40684 /* Base */ = {isa = PBXFileReference; lastKnownFileType = file.storyboard; name = Base; path = Base.lproj/LaunchScreen.storyboard; sourceTree = "<group>"; };
		711899A12491983D00E40684 /* Info.plist */ = {isa = PBXFileReference; lastKnownFileType = text.plist.xml; path = Info.plist; sourceTree = "<group>"; };
		711899AA2491A08400E40684 /* ViewController.swift */ = {isa = PBXFileReference; lastKnownFileType = sourcecode.swift; path = ViewController.swift; sourceTree = "<group>"; };
		711899AC2491A11B00E40684 /* WeatherData.swift */ = {isa = PBXFileReference; lastKnownFileType = sourcecode.swift; path = WeatherData.swift; sourceTree = "<group>"; };
		711899AE2491A47F00E40684 /* WeatherManager.swift */ = {isa = PBXFileReference; lastKnownFileType = sourcecode.swift; path = WeatherManager.swift; sourceTree = "<group>"; };
		711899B02491A78400E40684 /* WeatherModel.swift */ = {isa = PBXFileReference; lastKnownFileType = sourcecode.swift; path = WeatherModel.swift; sourceTree = "<group>"; };
/* End PBXFileReference section */

/* Begin PBXFrameworksBuildPhase section */
		7118998A2491983C00E40684 /* Frameworks */ = {
			isa = PBXFrameworksBuildPhase;
			buildActionMask = 2147483647;
			files = (
			);
			runOnlyForDeploymentPostprocessing = 0;
		};
/* End PBXFrameworksBuildPhase section */

/* Begin PBXGroup section */
		711899842491983C00E40684 = {
			isa = PBXGroup;
			children = (
				7118998F2491983C00E40684 /* weatherApp */,
				7118998E2491983C00E40684 /* Products */,
			);
			sourceTree = "<group>";
		};
		7118998E2491983C00E40684 /* Products */ = {
			isa = PBXGroup;
			children = (
				7118998D2491983C00E40684 /* weatherApp.app */,
			);
			name = Products;
			sourceTree = "<group>";
		};
		7118998F2491983C00E40684 /* weatherApp */ = {
			isa = PBXGroup;
			children = (
				711899A72491985200E40684 /* Model */,
				711899A82491985900E40684 /* View */,
				711899A92491985F00E40684 /* Controller */,
				711899902491983C00E40684 /* AppDelegate.swift */,
				711899922491983C00E40684 /* SceneDelegate.swift */,
				7118999C2491983D00E40684 /* Assets.xcassets */,
				7118999E2491983D00E40684 /* LaunchScreen.storyboard */,
				711899A12491983D00E40684 /* Info.plist */,
				711899992491983C00E40684 /* weatherApp.xcdatamodeld */,
			);
			path = weatherApp;
			sourceTree = "<group>";
		};
		711899A72491985200E40684 /* Model */ = {
			isa = PBXGroup;
			children = (
				711899AC2491A11B00E40684 /* WeatherData.swift */,
				711899AE2491A47F00E40684 /* WeatherManager.swift */,
				711899B02491A78400E40684 /* WeatherModel.swift */,
			);
			path = Model;
			sourceTree = "<group>";
		};
		711899A82491985900E40684 /* View */ = {
			isa = PBXGroup;
			children = (
				711899962491983C00E40684 /* Main.storyboard */,
			);
			path = View;
			sourceTree = "<group>";
		};
		711899A92491985F00E40684 /* Controller */ = {
			isa = PBXGroup;
			children = (
				711899AA2491A08400E40684 /* ViewController.swift */,
			);
			path = Controller;
			sourceTree = "<group>";
		};
/* End PBXGroup section */

/* Begin PBXNativeTarget section */
		7118998C2491983C00E40684 /* weatherApp */ = {
			isa = PBXNativeTarget;
			buildConfigurationList = 711899A42491983D00E40684 /* Build configuration list for PBXNativeTarget "weatherApp" */;
			buildPhases = (
				711899892491983C00E40684 /* Sources */,
				7118998A2491983C00E40684 /* Frameworks */,
				7118998B2491983C00E40684 /* Resources */,
			);
			buildRules = (
			);
			dependencies = (
			);
			name = weatherApp;
			productName = weatherApp;
			productReference = 7118998D2491983C00E40684 /* weatherApp.app */;
			productType = "com.apple.product-type.application";
		};
/* End PBXNativeTarget section */

/* Begin PBXProject section */
		711899852491983C00E40684 /* Project object */ = {
			isa = PBXProject;
			attributes = {
				LastSwiftUpdateCheck = 1150;
				LastUpgradeCheck = 1150;
				ORGANIZATIONNAME = "Bruno Russo";
				TargetAttributes = {
					7118998C2491983C00E40684 = {
						CreatedOnToolsVersion = 11.5;
					};
				};
			};
			buildConfigurationList = 711899882491983C00E40684 /* Build configuration list for PBXProject "weatherApp" */;
			compatibilityVersion = "Xcode 9.3";
			developmentRegion = en;
			hasScannedForEncodings = 0;
			knownRegions = (
				en,
				Base,
			);
			mainGroup = 711899842491983C00E40684;
			productRefGroup = 7118998E2491983C00E40684 /* Products */;
			projectDirPath = "";
			projectRoot = "";
			targets = (
				7118998C2491983C00E40684 /* weatherApp */,
			);
		};
/* End PBXProject section */

/* Begin PBXResourcesBuildPhase section */
		7118998B2491983C00E40684 /* Resources */ = {
			isa = PBXResourcesBuildPhase;
			buildActionMask = 2147483647;
			files = (
				711899A02491983D00E40684 /* LaunchScreen.storyboard in Resources */,
				7118999D2491983D00E40684 /* Assets.xcassets in Resources */,
				711899982491983C00E40684 /* Main.storyboard in Resources */,
			);
			runOnlyForDeploymentPostprocessing = 0;
		};
/* End PBXResourcesBuildPhase section */

/* Begin PBXSourcesBuildPhase section */
		711899892491983C00E40684 /* Sources */ = {
			isa = PBXSourcesBuildPhase;
			buildActionMask = 2147483647;
			files = (
				711899AF2491A47F00E40684 /* WeatherManager.swift in Sources */,
				711899AD2491A11B00E40684 /* WeatherData.swift in Sources */,
				711899B12491A78400E40684 /* WeatherModel.swift in Sources */,
				7118999B2491983C00E40684 /* weatherApp.xcdatamodeld in Sources */,
				711899912491983C00E40684 /* AppDelegate.swift in Sources */,
				711899AB2491A08400E40684 /* ViewController.swift in Sources */,
				711899932491983C00E40684 /* SceneDelegate.swift in Sources */,
			);
			runOnlyForDeploymentPostprocessing = 0;
		};
/* End PBXSourcesBuildPhase section */

/* Begin PBXVariantGroup section */
		711899962491983C00E40684 /* Main.storyboard */ = {
			isa = PBXVariantGroup;
			children = (
				711899972491983C00E40684 /* Base */,
			);
			name = Main.storyboard;
			sourceTree = "<group>";
		};
		7118999E2491983D00E40684 /* LaunchScreen.storyboard */ = {
			isa = PBXVariantGroup;
			children = (
				7118999F2491983D00E40684 /* Base */,
			);
			name = LaunchScreen.storyboard;
			sourceTree = "<group>";
		};
/* End PBXVariantGroup section */

/* Begin XCBuildConfiguration section */
		711899A22491983D00E40684 /* Debug */ = {
			isa = XCBuildConfiguration;
			buildSettings = {
				ALWAYS_SEARCH_USER_PATHS = NO;
				CLANG_ANALYZER_NONNULL = YES;
				CLANG_ANALYZER_NUMBER_OBJECT_CONVERSION = YES_AGGRESSIVE;
				CLANG_CXX_LANGUAGE_STANDARD = "gnu++14";
				CLANG_CXX_LIBRARY = "libc++";
				CLANG_ENABLE_MODULES = YES;
				CLANG_ENABLE_OBJC_ARC = YES;
				CLANG_ENABLE_OBJC_WEAK = YES;
				CLANG_WARN_BLOCK_CAPTURE_AUTORELEASING = YES;
				CLANG_WARN_BOOL_CONVERSION = YES;
				CLANG_WARN_COMMA = YES;
				CLANG_WARN_CONSTANT_CONVERSION = YES;
				CLANG_WARN_DEPRECATED_OBJC_IMPLEMENTATIONS = YES;
				CLANG_WARN_DIRECT_OBJC_ISA_USAGE = YES_ERROR;
				CLANG_WARN_DOCUMENTATION_COMMENTS = YES;
				CLANG_WARN_EMPTY_BODY = YES;
				CLANG_WARN_ENUM_CONVERSION = YES;
				CLANG_WARN_INFINITE_RECURSION = YES;
				CLANG_WARN_INT_CONVERSION = YES;
				CLANG_WARN_NON_LITERAL_NULL_CONVERSION = YES;
				CLANG_WARN_OBJC_IMPLICIT_RETAIN_SELF = YES;
				CLANG_WARN_OBJC_LITERAL_CONVERSION = YES;
				CLANG_WARN_OBJC_ROOT_CLASS = YES_ERROR;
				CLANG_WARN_RANGE_LOOP_ANALYSIS = YES;
				CLANG_WARN_STRICT_PROTOTYPES = YES;
				CLANG_WARN_SUSPICIOUS_MOVE = YES;
				CLANG_WARN_UNGUARDED_AVAILABILITY = YES_AGGRESSIVE;
				CLANG_WARN_UNREACHABLE_CODE = YES;
				CLANG_WARN__DUPLICATE_METHOD_MATCH = YES;
				COPY_PHASE_STRIP = NO;
				DEBUG_INFORMATION_FORMAT = dwarf;
				ENABLE_STRICT_OBJC_MSGSEND = YES;
				ENABLE_TESTABILITY = YES;
				GCC_C_LANGUAGE_STANDARD = gnu11;
				GCC_DYNAMIC_NO_PIC = NO;
				GCC_NO_COMMON_BLOCKS = YES;
				GCC_OPTIMIZATION_LEVEL = 0;
				GCC_PREPROCESSOR_DEFINITIONS = (
					"DEBUG=1",
					"$(inherited)",
				);
				GCC_WARN_64_TO_32_BIT_CONVERSION = YES;
				GCC_WARN_ABOUT_RETURN_TYPE = YES_ERROR;
				GCC_WARN_UNDECLARED_SELECTOR = YES;
				GCC_WARN_UNINITIALIZED_AUTOS = YES_AGGRESSIVE;
				GCC_WARN_UNUSED_FUNCTION = YES;
				GCC_WARN_UNUSED_VARIABLE = YES;
				IPHONEOS_DEPLOYMENT_TARGET = 13.5;
				MTL_ENABLE_DEBUG_INFO = INCLUDE_SOURCE;
				MTL_FAST_MATH = YES;
				ONLY_ACTIVE_ARCH = YES;
				SDKROOT = iphoneos;
				SWIFT_ACTIVE_COMPILATION_CONDITIONS = DEBUG;
				SWIFT_OPTIMIZATION_LEVEL = "-Onone";
			};
			name = Debug;
		};
		711899A32491983D00E40684 /* Release */ = {
			isa = XCBuildConfiguration;
			buildSettings = {
				ALWAYS_SEARCH_USER_PATHS = NO;
				CLANG_ANALYZER_NONNULL = YES;
				CLANG_ANALYZER_NUMBER_OBJECT_CONVERSION = YES_AGGRESSIVE;
				CLANG_CXX_LANGUAGE_STANDARD = "gnu++14";
				CLANG_CXX_LIBRARY = "libc++";
				CLANG_ENABLE_MODULES = YES;
				CLANG_ENABLE_OBJC_ARC = YES;
				CLANG_ENABLE_OBJC_WEAK = YES;
				CLANG_WARN_BLOCK_CAPTURE_AUTORELEASING = YES;
				CLANG_WARN_BOOL_CONVERSION = YES;
				CLANG_WARN_COMMA = YES;
				CLANG_WARN_CONSTANT_CONVERSION = YES;
				CLANG_WARN_DEPRECATED_OBJC_IMPLEMENTATIONS = YES;
				CLANG_WARN_DIRECT_OBJC_ISA_USAGE = YES_ERROR;
				CLANG_WARN_DOCUMENTATION_COMMENTS = YES;
				CLANG_WARN_EMPTY_BODY = YES;
				CLANG_WARN_ENUM_CONVERSION = YES;
				CLANG_WARN_INFINITE_RECURSION = YES;
				CLANG_WARN_INT_CONVERSION = YES;
				CLANG_WARN_NON_LITERAL_NULL_CONVERSION = YES;
				CLANG_WARN_OBJC_IMPLICIT_RETAIN_SELF = YES;
				CLANG_WARN_OBJC_LITERAL_CONVERSION = YES;
				CLANG_WARN_OBJC_ROOT_CLASS = YES_ERROR;
				CLANG_WARN_RANGE_LOOP_ANALYSIS = YES;
				CLANG_WARN_STRICT_PROTOTYPES = YES;
				CLANG_WARN_SUSPICIOUS_MOVE = YES;
				CLANG_WARN_UNGUARDED_AVAILABILITY = YES_AGGRESSIVE;
				CLANG_WARN_UNREACHABLE_CODE = YES;
				CLANG_WARN__DUPLICATE_METHOD_MATCH = YES;
				COPY_PHASE_STRIP = NO;
				DEBUG_INFORMATION_FORMAT = "dwarf-with-dsym";
				ENABLE_NS_ASSERTIONS = NO;
				ENABLE_STRICT_OBJC_MSGSEND = YES;
				GCC_C_LANGUAGE_STANDARD = gnu11;
				GCC_NO_COMMON_BLOCKS = YES;
				GCC_WARN_64_TO_32_BIT_CONVERSION = YES;
				GCC_WARN_ABOUT_RETURN_TYPE = YES_ERROR;
				GCC_WARN_UNDECLARED_SELECTOR = YES;
				GCC_WARN_UNINITIALIZED_AUTOS = YES_AGGRESSIVE;
				GCC_WARN_UNUSED_FUNCTION = YES;
				GCC_WARN_UNUSED_VARIABLE = YES;
				IPHONEOS_DEPLOYMENT_TARGET = 13.5;
				MTL_ENABLE_DEBUG_INFO = NO;
				MTL_FAST_MATH = YES;
				SDKROOT = iphoneos;
				SWIFT_COMPILATION_MODE = wholemodule;
				SWIFT_OPTIMIZATION_LEVEL = "-O";
				VALIDATE_PRODUCT = YES;
			};
			name = Release;
		};
		711899A52491983D00E40684 /* Debug */ = {
			isa = XCBuildConfiguration;
			buildSettings = {
				ASSETCATALOG_COMPILER_APPICON_NAME = AppIcon;
				CODE_SIGN_STYLE = Automatic;
				DEVELOPMENT_TEAM = VX75476QM2;
				INFOPLIST_FILE = weatherApp/Info.plist;
				LD_RUNPATH_SEARCH_PATHS = (
					"$(inherited)",
					"@executable_path/Frameworks",
				);
				PRODUCT_BUNDLE_IDENTIFIER = "com.gmail-producao.bruno.weatherApp";
				PRODUCT_NAME = "$(TARGET_NAME)";
				SWIFT_VERSION = 5.0;
				TARGETED_DEVICE_FAMILY = "1,2";
			};
			name = Debug;
		};
		711899A62491983D00E40684 /* Release */ = {
			isa = XCBuildConfiguration;
			buildSettings = {
				ASSETCATALOG_COMPILER_APPICON_NAME = AppIcon;
				CODE_SIGN_STYLE = Automatic;
				DEVELOPMENT_TEAM = VX75476QM2;
				INFOPLIST_FILE = weatherApp/Info.plist;
				LD_RUNPATH_SEARCH_PATHS = (
					"$(inherited)",
					"@executable_path/Frameworks",
				);
				PRODUCT_BUNDLE_IDENTIFIER = "com.gmail-producao.bruno.weatherApp";
				PRODUCT_NAME = "$(TARGET_NAME)";
				SWIFT_VERSION = 5.0;
				TARGETED_DEVICE_FAMILY = "1,2";
			};
			name = Release;
		};
/* End XCBuildConfiguration section */

/* Begin XCConfigurationList section */
		711899882491983C00E40684 /* Build configuration list for PBXProject "weatherApp" */ = {
			isa = XCConfigurationList;
			buildConfigurations = (
				711899A22491983D00E40684 /* Debug */,
				711899A32491983D00E40684 /* Release */,
			);
			defaultConfigurationIsVisible = 0;
			defaultConfigurationName = Release;
		};
		711899A42491983D00E40684 /* Build configuration list for PBXNativeTarget "weatherApp" */ = {
			isa = XCConfigurationList;
			buildConfigurations = (
				711899A52491983D00E40684 /* Debug */,
				711899A62491983D00E40684 /* Release */,
			);
			defaultConfigurationIsVisible = 0;
			defaultConfigurationName = Release;
		};
/* End XCConfigurationList section */

/* Begin XCVersionGroup section */
		711899992491983C00E40684 /* weatherApp.xcdatamodeld */ = {
			isa = XCVersionGroup;
			children = (
				7118999A2491983C00E40684 /* weatherApp.xcdatamodel */,
			);
			currentVersion = 7118999A2491983C00E40684 /* weatherApp.xcdatamodel */;
			path = weatherApp.xcdatamodeld;
			sourceTree = "<group>";
			versionGroupType = wrapper.xcdatamodel;
		};
/* End XCVersionGroup section */
	};
	rootObject = 711899852491983C00E40684 /* Project object */;
}
